{"is_source_file": false, "format": "", "description": "", "external_files": [], "external_methods": [], "published": [], "classes": [], "methods": [], "calls": [], "search-terms": [], "state": 2, "file_id": 16, "knowledge_revision": 29, "git_revision": "1e6e3916db863f2c2503efbb697275ccfa70e482", "hash": "9c4ed7ef73e22b872b8055bec08b8979", "format-version": 4, "code-base-name": "default", "filename": "piggyhabit/post_process_status.lock", "revision_history": [{"29": "1e6e3916db863f2c2503efbb697275ccfa70e482"}]}